
Microsoft Visual Studio Solution File, Format Version 12.00
# Visual Studio Version 17
VisualStudioVersion = 17.3.32929.385
MinimumVisualStudioVersion = 10.0.40219.1
Project("{FAE04EC0-301F-11D3-BF4B-00C04F79EFBC}") = "RockPaperScissors", "RockPaperScissors\RockPaperScissors.csproj", "{AA47E75F-158C-465A-B663-AF387FC69FB2}"
EndProject
Global
	GlobalSection(SolutionConfigurationPlatforms) = preSolution
		Debug|Any CPU = Debug|Any CPU
		Release|Any CPU = Release|Any CPU
	EndGlobalSection
	GlobalSection(ProjectConfigurationPlatforms) = postSolution
		{AA47E75F-158C-465A-B663-AF387FC69FB2}.Debug|Any CPU.ActiveCfg = Debug|Any CPU
		{AA47E75F-158C-465A-B663-AF387FC69FB2}.Debug|Any CPU.Build.0 = Debug|Any CPU
		{AA47E75F-158C-465A-B663-AF387FC69FB2}.Release|Any CPU.ActiveCfg = Release|Any CPU
		{AA47E75F-158C-465A-B663-AF387FC69FB2}.Release|Any CPU.Build.0 = Release|Any CPU
	EndGlobalSection
	GlobalSection(SolutionProperties) = preSolution
		HideSolutionNode = FALSE
	EndGlobalSection
	GlobalSection(ExtensibilityGlobals) = postSolution
		SolutionGuid = {6BEDBDC5-283D-4100-9674-13A25F5DBF19}
	EndGlobalSection
EndGlobal
